
Microsoft Visual Studio Solution File, Format Version 12.00
# Visual Studio Version 16
VisualStudioVersion = 16.0.28803.156
MinimumVisualStudioVersion = 10.0.40219.1
Project("{FAE04EC0-301F-11D3-BF4B-00C04F79EFBC}") = "PracticalDebugingDemos", "PracticalDebugingDemos\PracticalDebugingDemos.csproj", "{3A0132C6-FB69-4403-BCE9-C592371DEA7C}"
EndProject
Project("{FAE04EC0-301F-11D3-BF4B-00C04F79EFBC}") = "PracticalDebuggingWeb", "PracticalDebuggingWeb\PracticalDebuggingWeb.csproj", "{548832B4-08D3-4D7A-806A-FA0C90D47028}"
EndProject
Project("{FAE04EC0-301F-11D3-BF4B-00C04F79EFBC}") = "Benchmarks", "Benchmarks\Benchmarks.csproj", "{92BCA2A8-81C2-4572-8EE4-5244CEB2FA0B}"
EndProject
Global
	GlobalSection(SolutionConfigurationPlatforms) = preSolution
		Debug|Any CPU = Debug|Any CPU
		Release|Any CPU = Release|Any CPU
	EndGlobalSection
	GlobalSection(ProjectConfigurationPlatforms) = postSolution
		{3A0132C6-FB69-4403-BCE9-C592371DEA7C}.Debug|Any CPU.ActiveCfg = Debug|Any CPU
		{3A0132C6-FB69-4403-BCE9-C592371DEA7C}.Debug|Any CPU.Build.0 = Debug|Any CPU
		{3A0132C6-FB69-4403-BCE9-C592371DEA7C}.Release|Any CPU.ActiveCfg = Release|Any CPU
		{3A0132C6-FB69-4403-BCE9-C592371DEA7C}.Release|Any CPU.Build.0 = Release|Any CPU
		{548832B4-08D3-4D7A-806A-FA0C90D47028}.Debug|Any CPU.ActiveCfg = Debug|Any CPU
		{548832B4-08D3-4D7A-806A-FA0C90D47028}.Debug|Any CPU.Build.0 = Debug|Any CPU
		{548832B4-08D3-4D7A-806A-FA0C90D47028}.Release|Any CPU.ActiveCfg = Release|Any CPU
		{548832B4-08D3-4D7A-806A-FA0C90D47028}.Release|Any CPU.Build.0 = Release|Any CPU
		{92BCA2A8-81C2-4572-8EE4-5244CEB2FA0B}.Debug|Any CPU.ActiveCfg = Debug|Any CPU
		{92BCA2A8-81C2-4572-8EE4-5244CEB2FA0B}.Debug|Any CPU.Build.0 = Debug|Any CPU
		{92BCA2A8-81C2-4572-8EE4-5244CEB2FA0B}.Release|Any CPU.ActiveCfg = Release|Any CPU
		{92BCA2A8-81C2-4572-8EE4-5244CEB2FA0B}.Release|Any CPU.Build.0 = Release|Any CPU
	EndGlobalSection
	GlobalSection(SolutionProperties) = preSolution
		HideSolutionNode = FALSE
	EndGlobalSection
	GlobalSection(ExtensibilityGlobals) = postSolution
		SolutionGuid = {9E734F5B-9FA6-4F06-9322-210738A39328}
	EndGlobalSection
EndGlobal
